
Microsoft Visual Studio Solution File, Format Version 12.00
# Visual Studio Version 17
VisualStudioVersion = 17.3.32929.385
MinimumVisualStudioVersion = 10.0.40219.1
Project("{FAE04EC0-301F-11D3-BF4B-00C04F79EFBC}") = "Rainbowhut1.0", "Rainbowhut1.0\Rainbowhut1.0.csproj", "{810F6C63-979B-4521-93C6-DF2F77C76A8F}"
EndProject
Global
	GlobalSection(SolutionConfigurationPlatforms) = preSolution
		Debug|Any CPU = Debug|Any CPU
		Release|Any CPU = Release|Any CPU
	EndGlobalSection
	GlobalSection(ProjectConfigurationPlatforms) = postSolution
		{810F6C63-979B-4521-93C6-DF2F77C76A8F}.Debug|Any CPU.ActiveCfg = Debug|Any CPU
		{810F6C63-979B-4521-93C6-DF2F77C76A8F}.Debug|Any CPU.Build.0 = Debug|Any CPU
		{810F6C63-979B-4521-93C6-DF2F77C76A8F}.Release|Any CPU.ActiveCfg = Release|Any CPU
		{810F6C63-979B-4521-93C6-DF2F77C76A8F}.Release|Any CPU.Build.0 = Release|Any CPU
	EndGlobalSection
	GlobalSection(SolutionProperties) = preSolution
		HideSolutionNode = FALSE
	EndGlobalSection
	GlobalSection(ExtensibilityGlobals) = postSolution
		SolutionGuid = {57F8691A-DB05-424A-80C0-C88AFE4ADE9F}
	EndGlobalSection
EndGlobal
